
Microsoft Visual Studio Solution File, Format Version 12.00
# Visual Studio Version 17
VisualStudioVersion = 17.11.35327.3
MinimumVisualStudioVersion = 10.0.40219.1
Project("{FAE04EC0-301F-11D3-BF4B-00C04F79EFBC}") = "cherished-server", "cherished-server.csproj", "{F37E5415-F8A2-4811-AAEF-EBDB58D06CAC}"
EndProject
Global
	GlobalSection(SolutionConfigurationPlatforms) = preSolution
		Debug|Any CPU = Debug|Any CPU
		Release|Any CPU = Release|Any CPU
	EndGlobalSection
	GlobalSection(ProjectConfigurationPlatforms) = postSolution
		{F37E5415-F8A2-4811-AAEF-EBDB58D06CAC}.Debug|Any CPU.ActiveCfg = Debug|Any CPU
		{F37E5415-F8A2-4811-AAEF-EBDB58D06CAC}.Debug|Any CPU.Build.0 = Debug|Any CPU
		{F37E5415-F8A2-4811-AAEF-EBDB58D06CAC}.Release|Any CPU.ActiveCfg = Release|Any CPU
		{F37E5415-F8A2-4811-AAEF-EBDB58D06CAC}.Release|Any CPU.Build.0 = Release|Any CPU
	EndGlobalSection
	GlobalSection(SolutionProperties) = preSolution
		HideSolutionNode = FALSE
	EndGlobalSection
	GlobalSection(ExtensibilityGlobals) = postSolution
		SolutionGuid = {0F05A936-81B7-485A-AAA9-91FA6541A0BB}
	EndGlobalSection
EndGlobal
